{
    "name": "pinefetch-link-dump",
    "version": "0.0.2",
    "lockfileVersion": 3,
    "requires": true,
    "packages": {
        "": {
            "name": "pinefetch-link-dump",
            "version": "0.0.2",
            "license": "MIT",
            "dependencies": {
                "pinefetch-designsystem": "^0.1.0"
            }
        },
        "node_modules/pinefetch-designsystem": {
            "version": "0.1.0",
            "resolved": "https://registry.npmjs.org/pinefetch-designsystem/-/pinefetch-designsystem-0.1.0.tgz",
            "integrity": "sha512-GOv/4viFgkS/nEQIso0c7Bf3WCwL2bMI0yBdkIlBBN7dFlGpPTwrmZmCuZoMB/UqOVAcpKIPGDEfGeN3cfP9rA==",
            "license": "MIT"
        }
    }
}
